Microsoft Visual Studio Solution File, Format Version 11.00
# Visual Studio 2008

Project("{793D13E7-225C-A570-1569-29578E599BD1}") = "GearVR", "Assembly-CSharp-firstpass.csproj", "{B3201167-1686-9E49-5548-0EBD26CEBD90}"
EndProject
Project("{793D13E7-225C-A570-1569-29578E599BD1}") = "GearVR", "Assembly-CSharp.csproj", "{E1E448D2-6034-075C-A5EF-47BAB28F07BB}"
EndProject
Project("{793D13E7-225C-A570-1569-29578E599BD1}") = "GearVR", "Assembly-CSharp-Editor.csproj", "{FB1CD10A-9E8C-EB91-8A42-BF0374898562}"
EndProject
Global
	GlobalSection(SolutionConfigurationPlatforms) = preSolution
		Debug|Any CPU = Debug|Any CPU
		Release|Any CPU = Release|Any CPU
	EndGlobalSection
	GlobalSection(ProjectConfigurationPlatforms) = postSolution
		{B3201167-1686-9E49-5548-0EBD26CEBD90}.Debug|Any CPU.ActiveCfg = Debug|Any CPU
		{B3201167-1686-9E49-5548-0EBD26CEBD90}.Debug|Any CPU.Build.0 = Debug|Any CPU
		{B3201167-1686-9E49-5548-0EBD26CEBD90}.Release|Any CPU.ActiveCfg = Release|Any CPU
		{B3201167-1686-9E49-5548-0EBD26CEBD90}.Release|Any CPU.Build.0 = Release|Any CPU
		{E1E448D2-6034-075C-A5EF-47BAB28F07BB}.Debug|Any CPU.ActiveCfg = Debug|Any CPU
		{E1E448D2-6034-075C-A5EF-47BAB28F07BB}.Debug|Any CPU.Build.0 = Debug|Any CPU
		{E1E448D2-6034-075C-A5EF-47BAB28F07BB}.Release|Any CPU.ActiveCfg = Release|Any CPU
		{E1E448D2-6034-075C-A5EF-47BAB28F07BB}.Release|Any CPU.Build.0 = Release|Any CPU
		{FB1CD10A-9E8C-EB91-8A42-BF0374898562}.Debug|Any CPU.ActiveCfg = Debug|Any CPU
		{FB1CD10A-9E8C-EB91-8A42-BF0374898562}.Debug|Any CPU.Build.0 = Debug|Any CPU
		{FB1CD10A-9E8C-EB91-8A42-BF0374898562}.Release|Any CPU.ActiveCfg = Release|Any CPU
		{FB1CD10A-9E8C-EB91-8A42-BF0374898562}.Release|Any CPU.Build.0 = Release|Any CPU
	EndGlobalSection
	GlobalSection(SolutionProperties) = preSolution
		HideSolutionNode = FALSE
	EndGlobalSection
	GlobalSection(MonoDevelopProperties) = preSolution
		StartupItem = Assembly-CSharp.csproj
	EndGlobalSection
EndGlobal
