Microsoft Visual Studio Solution File, Format Version 11.00
# Visual Studio 2008

Project("{8EF93DDD-C127-A0E8-9B9B-491EE3B576FB}") = "Gov-VR-Client-GearVR", "Assembly-CSharp-firstpass.csproj", "{CA46DE5E-10D9-1955-4200-B013F4656492}"
EndProject
Project("{8EF93DDD-C127-A0E8-9B9B-491EE3B576FB}") = "Gov-VR-Client-GearVR", "Assembly-CSharp.csproj", "{B72B7F51-31B5-B8AF-5D7F-7D16BDE63BAF}"
EndProject
Project("{8EF93DDD-C127-A0E8-9B9B-491EE3B576FB}") = "Gov-VR-Client-GearVR", "Assembly-CSharp-Editor.csproj", "{E34B6706-03EE-53CE-C8A2-3036A29DF472}"
EndProject
Global
	GlobalSection(SolutionConfigurationPlatforms) = preSolution
		Debug|Any CPU = Debug|Any CPU
		Release|Any CPU = Release|Any CPU
	EndGlobalSection
	GlobalSection(ProjectConfigurationPlatforms) = postSolution
		{CA46DE5E-10D9-1955-4200-B013F4656492}.Debug|Any CPU.ActiveCfg = Debug|Any CPU
		{CA46DE5E-10D9-1955-4200-B013F4656492}.Debug|Any CPU.Build.0 = Debug|Any CPU
		{CA46DE5E-10D9-1955-4200-B013F4656492}.Release|Any CPU.ActiveCfg = Release|Any CPU
		{CA46DE5E-10D9-1955-4200-B013F4656492}.Release|Any CPU.Build.0 = Release|Any CPU
		{B72B7F51-31B5-B8AF-5D7F-7D16BDE63BAF}.Debug|Any CPU.ActiveCfg = Debug|Any CPU
		{B72B7F51-31B5-B8AF-5D7F-7D16BDE63BAF}.Debug|Any CPU.Build.0 = Debug|Any CPU
		{B72B7F51-31B5-B8AF-5D7F-7D16BDE63BAF}.Release|Any CPU.ActiveCfg = Release|Any CPU
		{B72B7F51-31B5-B8AF-5D7F-7D16BDE63BAF}.Release|Any CPU.Build.0 = Release|Any CPU
		{E34B6706-03EE-53CE-C8A2-3036A29DF472}.Debug|Any CPU.ActiveCfg = Debug|Any CPU
		{E34B6706-03EE-53CE-C8A2-3036A29DF472}.Debug|Any CPU.Build.0 = Debug|Any CPU
		{E34B6706-03EE-53CE-C8A2-3036A29DF472}.Release|Any CPU.ActiveCfg = Release|Any CPU
		{E34B6706-03EE-53CE-C8A2-3036A29DF472}.Release|Any CPU.Build.0 = Release|Any CPU
	EndGlobalSection
	GlobalSection(SolutionProperties) = preSolution
		HideSolutionNode = FALSE
	EndGlobalSection
	GlobalSection(MonoDevelopProperties) = preSolution
		StartupItem = Assembly-CSharp.csproj
	EndGlobalSection
EndGlobal
